// !$*UTF8*$!
{
	archiveVersion = 1;
	classes = {
	};
	objectVersion = 46;
	objects = {

/* Begin PBXBuildFile section */
		17FD0050E2A449B64FC845EB /* Test.Model.swift in Sources */ = {isa = PBXBuildFile; fileRef = 17FD0B25044E79C93F75D0C8 /* Test.Model.swift */; };
		17FD00602094F4F64F4AA918 /* Store.Coordinator.swift in Sources */ = {isa = PBXBuildFile; fileRef = 17FD05B26BF65B69CA906D45 /* Store.Coordinator.swift */; };
		17FD00B96110E6FAAA66E6C1 /* Store.Context.Cacheable.swift in Sources */ = {isa = PBXBuildFile; fileRef = 17FD0AA93BF44C9646CC59C7 /* Store.Context.Cacheable.swift */; };
		17FD00FC01DFCB7018E73916 /* Model.Configuration.swift in Sources */ = {isa = PBXBuildFile; fileRef = 17FD0531507A1FA9C4A41179 /* Model.Configuration.swift */; };
		17FD01CD4C5E0B3BBAF11338 /* Migration.Policy.1.1.0.swift in Sources */ = {isa = PBXBuildFile; fileRef = 17FD03115F10C35BFFB27F54 /* Migration.Policy.1.1.0.swift */; };
		17FD01F93A4BDA43BFA200D7 /* Migration.Data.1.0.1.swift in Sources */ = {isa = PBXBuildFile; fileRef = 17FD0A8B688592F35A12FA00 /* Migration.Data.1.0.1.swift */; };
		17FD02532D5F9052D3CAC84E /* Model.Book.swift in Sources */ = {isa = PBXBuildFile; fileRef = 17FD0234B5B36D7E2C1B4F09 /* Model.Book.swift */; };
		17FD02EF7B0CAC898B9C2044 /* Store.Object.swift in Sources */ = {isa = PBXBuildFile; fileRef = 17FD06B915850D45AD6F0C31 /* Store.Object.swift */; };
		17FD03B452168BA6C34893F8 /* Test.Migration.swift in Sources */ = {isa = PBXBuildFile; fileRef = 17FD07B5F5FE7CF615064197 /* Test.Migration.swift */; };
		17FD03B5263F65F71348D583 /* Test.Object.swift in Sources */ = {isa = PBXBuildFile; fileRef = 17FD0CA19A89F54D70281C7D /* Test.Object.swift */; };
		17FD03FC7625C79B85FE333D /* Migration.swift in Sources */ = {isa = PBXBuildFile; fileRef = 17FD05FA44C66778BB925C8E /* Migration.swift */; };
		17FD054745289379020A0115 /* Model.Observer.swift in Sources */ = {isa = PBXBuildFile; fileRef = 17FD031A2F3C58FC0FB9EC08 /* Model.Observer.swift */; };
		17FD054DA783F812504E3A25 /* Extension.Foundation.FileManager.swift in Sources */ = {isa = PBXBuildFile; fileRef = 17FD01F2D6E2C10BA63540CC /* Extension.Foundation.FileManager.swift */; };
		17FD0565A5180CB7901A5C64 /* Migration.Data.1.0.0.swift in Sources */ = {isa = PBXBuildFile; fileRef = 17FD025AEE1CCB4193B08CEB /* Migration.Data.1.0.0.swift */; };
		17FD05F812CBDE154A4FCF3A /* Model.User.swift in Sources */ = {isa = PBXBuildFile; fileRef = 17FD091DBFC2D248A26C048E /* Model.User.swift */; };
		17FD074DCC1E98BD812963A1 /* Test.Model.Book.swift in Sources */ = {isa = PBXBuildFile; fileRef = 17FD08974968F65CD86EA7EA /* Test.Model.Book.swift */; };
		17FD07F5C266D315A1A8B2F2 /* Model.Protocol.swift in Sources */ = {isa = PBXBuildFile; fileRef = 17FD07E5B1C4793149700DA4 /* Model.Protocol.swift */; };
		17FD08AEC750303E7FC903B3 /* Test.Store.swift in Sources */ = {isa = PBXBuildFile; fileRef = 17FD04474F74538B52D9DD2A /* Test.Store.swift */; };
		17FD08D09F5F1019333CC247 /* Test.swift in Sources */ = {isa = PBXBuildFile; fileRef = 17FD0292DF60342AD0693245 /* Test.swift */; };
		17FD09078313E08C032F4660 /* Test.Model.Observer.swift in Sources */ = {isa = PBXBuildFile; fileRef = 17FD0D39D4156F8596008D0B /* Test.Model.Observer.swift */; };
		17FD0AC13B4D5BE2C93E6A2A /* Batch.swift in Sources */ = {isa = PBXBuildFile; fileRef = 17FD07B122ED1AF20F93FB0A /* Batch.swift */; };
		17FD0B660C3FF2B2B32AD4DB /* Migration.Data.swift in Sources */ = {isa = PBXBuildFile; fileRef = 17FD02FE09DC90C14E5428BC /* Migration.Data.swift */; };
		17FD0BAD955765086A087E06 /* Migration.Utility.swift in Sources */ = {isa = PBXBuildFile; fileRef = 17FD0DF25DC251C069945292 /* Migration.Utility.swift */; };
		17FD0C719C976A9789FBB9BE /* Test.Model.User.swift in Sources */ = {isa = PBXBuildFile; fileRef = 17FD0A49EC0685345EF4E819 /* Test.Model.User.swift */; };
		17FD0C74FC7E67D50DA83397 /* Model.Cache.swift in Sources */ = {isa = PBXBuildFile; fileRef = 17FD0BD2594332A5CB166CB4 /* Model.Cache.swift */; };
		17FD0CF496FE510E536E2B08 /* Store.Schema.swift in Sources */ = {isa = PBXBuildFile; fileRef = 17FD0951E1ED302B0F56D96A /* Store.Schema.swift */; };
		17FD0DADC6A662EDAC547B3E /* Test.Model.Relationship.swift in Sources */ = {isa = PBXBuildFile; fileRef = 17FD0928D14C257016233F7A /* Test.Model.Relationship.swift */; };
		17FD0DE24B1ED6FE7C9EAD92 /* Utility.Path.swift in Sources */ = {isa = PBXBuildFile; fileRef = 17FD02E9D406040C55FBF3A4 /* Utility.Path.swift */; };
		17FD0DEE69FF52C8D41A1749 /* Model.swift in Sources */ = {isa = PBXBuildFile; fileRef = 17FD0BECD5BD4310CAEF64A0 /* Model.swift */; };
		17FD0E49167DAA1D916817DC /* Batch.Protocol.swift in Sources */ = {isa = PBXBuildFile; fileRef = 17FD0063AB70BBBC8C369947 /* Batch.Protocol.swift */; };
		17FD0EE3EDAF889BCF78F53E /* Test.Batch.swift in Sources */ = {isa = PBXBuildFile; fileRef = 17FD00AF394024CBEF35D418 /* Test.Batch.swift */; };
		17FD0FDB7B47BEB8327D050A /* Store.Entity.swift in Sources */ = {isa = PBXBuildFile; fileRef = 17FD0FBC8B1E012043ED435D /* Store.Entity.swift */; };
		17FD0FE6B146009DDEF22734 /* Store.Context.swift in Sources */ = {isa = PBXBuildFile; fileRef = 17FD02743E2C247A4840E877 /* Store.Context.swift */; };
		E605B64F1E86644700A0E60A /* Nimble.framework in Embed Frameworks */ = {isa = PBXBuildFile; fileRef = 17FD0C103D052A2CEAE211F2 /* Nimble.framework */; settings = {ATTRIBUTES = (CodeSignOnCopy, RemoveHeadersOnCopy, ); }; };
		E605B6551E8680E800A0E60A /* library.xcdatamodeld in Sources */ = {isa = PBXBuildFile; fileRef = E605B6511E86761A00A0E60A /* library.xcdatamodeld */; };
		E60746591E83969200B75E21 /* Nimble.framework in Frameworks */ = {isa = PBXBuildFile; fileRef = 17FD0C103D052A2CEAE211F2 /* Nimble.framework */; };
		E64105FB1EE0993A00FAC57D /* generic.xcdatamodeld in Sources */ = {isa = PBXBuildFile; fileRef = E64105F91EE0993A00FAC57D /* generic.xcdatamodeld */; };
		E64D9D581EF126EB0073E164 /* library.1.1.0.xcmappingmodel in Sources */ = {isa = PBXBuildFile; fileRef = E64D9D561EF126CC0073E164 /* library.1.1.0.xcmappingmodel */; };
		E6E9F6691E9B6A4A0009A096 /* Fakery.framework in Frameworks */ = {isa = PBXBuildFile; fileRef = E6E9F6681E9B6A360009A096 /* Fakery.framework */; };
		E6E9F66A1E9B6A4C0009A096 /* Fakery.framework in Embed Frameworks */ = {isa = PBXBuildFile; fileRef = E6E9F6681E9B6A360009A096 /* Fakery.framework */; settings = {ATTRIBUTES = (CodeSignOnCopy, RemoveHeadersOnCopy, ); }; };
/* End PBXBuildFile section */

/* Begin PBXContainerItemProxy section */
		E607464C1E83949000B75E21 /* PBXContainerItemProxy */ = {
			isa = PBXContainerItemProxy;
			containerPortal = E6B63BE11E838FD100AA678E /* Project object */;
			proxyType = 1;
			remoteGlobalIDString = E60746401E83949000B75E21;
			remoteInfo = Store;
		};
/* End PBXContainerItemProxy section */

/* Begin PBXCopyFilesBuildPhase section */
		E605B64E1E86643700A0E60A /* Embed Frameworks */ = {
			isa = PBXCopyFilesBuildPhase;
			buildActionMask = 2147483647;
			dstPath = "";
			dstSubfolderSpec = 10;
			files = (
				E6E9F66A1E9B6A4C0009A096 /* Fakery.framework in Embed Frameworks */,
				E605B64F1E86644700A0E60A /* Nimble.framework in Embed Frameworks */,
			);
			name = "Embed Frameworks";
			runOnlyForDeploymentPostprocessing = 0;
		};
/* End PBXCopyFilesBuildPhase section */

/* Begin PBXFileReference section */
		17FD0063AB70BBBC8C369947 /* Batch.Protocol.swift */ = {isa = PBXFileReference; fileEncoding = 4; lastKnownFileType = sourcecode.swift; path = Batch.Protocol.swift; sourceTree = "<group>"; };
		17FD00AF394024CBEF35D418 /* Test.Batch.swift */ = {isa = PBXFileReference; fileEncoding = 4; lastKnownFileType = sourcecode.swift; path = Test.Batch.swift; sourceTree = "<group>"; };
		17FD01B0C7FAE8A41DB8632F /* Cartfile.private */ = {isa = PBXFileReference; lastKnownFileType = file.private; path = Cartfile.private; sourceTree = "<group>"; };
		17FD01F2D6E2C10BA63540CC /* Extension.Foundation.FileManager.swift */ = {isa = PBXFileReference; fileEncoding = 4; lastKnownFileType = sourcecode.swift; path = Extension.Foundation.FileManager.swift; sourceTree = "<group>"; };
		17FD0234B5B36D7E2C1B4F09 /* Model.Book.swift */ = {isa = PBXFileReference; fileEncoding = 4; lastKnownFileType = sourcecode.swift; path = Model.Book.swift; sourceTree = "<group>"; };
		17FD025AEE1CCB4193B08CEB /* Migration.Data.1.0.0.swift */ = {isa = PBXFileReference; fileEncoding = 4; lastKnownFileType = sourcecode.swift; path = Migration.Data.1.0.0.swift; sourceTree = "<group>"; };
		17FD02743E2C247A4840E877 /* Store.Context.swift */ = {isa = PBXFileReference; fileEncoding = 4; lastKnownFileType = sourcecode.swift; path = Store.Context.swift; sourceTree = "<group>"; };
		17FD029283DBA3603FFF0867 /* test.plist */ = {isa = PBXFileReference; fileEncoding = 4; lastKnownFileType = text.plist; path = test.plist; sourceTree = "<group>"; };
		17FD0292DF60342AD0693245 /* Test.swift */ = {isa = PBXFileReference; fileEncoding = 4; lastKnownFileType = sourcecode.swift; path = Test.swift; sourceTree = "<group>"; };
		17FD02E9D406040C55FBF3A4 /* Utility.Path.swift */ = {isa = PBXFileReference; fileEncoding = 4; lastKnownFileType = sourcecode.swift; path = Utility.Path.swift; sourceTree = "<group>"; };
		17FD02FE09DC90C14E5428BC /* Migration.Data.swift */ = {isa = PBXFileReference; fileEncoding = 4; lastKnownFileType = sourcecode.swift; path = Migration.Data.swift; sourceTree = "<group>"; };
		17FD03115F10C35BFFB27F54 /* Migration.Policy.1.1.0.swift */ = {isa = PBXFileReference; fileEncoding = 4; lastKnownFileType = sourcecode.swift; path = Migration.Policy.1.1.0.swift; sourceTree = "<group>"; };
		17FD031A2F3C58FC0FB9EC08 /* Model.Observer.swift */ = {isa = PBXFileReference; fileEncoding = 4; lastKnownFileType = sourcecode.swift; path = Model.Observer.swift; sourceTree = "<group>"; };
		17FD03661824B57DE33BF395 /* Base - Debug.xcconfig */ = {isa = PBXFileReference; fileEncoding = 4; lastKnownFileType = text.xcconfig; path = "Base - Debug.xcconfig"; sourceTree = "<group>"; };
		17FD04474F74538B52D9DD2A /* Test.Store.swift */ = {isa = PBXFileReference; fileEncoding = 4; lastKnownFileType = sourcecode.swift; path = Test.Store.swift; sourceTree = "<group>"; };
		17FD0510C2CBD0A269F32C1F /* Cartfile.resolved */ = {isa = PBXFileReference; lastKnownFileType = file.resolved; path = Cartfile.resolved; sourceTree = "<group>"; };
		17FD0531507A1FA9C4A41179 /* Model.Configuration.swift */ = {isa = PBXFileReference; fileEncoding = 4; lastKnownFileType = sourcecode.swift; path = Model.Configuration.swift; sourceTree = "<group>"; };
		17FD05B26BF65B69CA906D45 /* Store.Coordinator.swift */ = {isa = PBXFileReference; fileEncoding = 4; lastKnownFileType = sourcecode.swift; path = Store.Coordinator.swift; sourceTree = "<group>"; };
		17FD05D666E8135024B884A1 /* Base - Release.xcconfig */ = {isa = PBXFileReference; fileEncoding = 4; lastKnownFileType = text.xcconfig; path = "Base - Release.xcconfig"; sourceTree = "<group>"; };
		17FD05FA44C66778BB925C8E /* Migration.swift */ = {isa = PBXFileReference; fileEncoding = 4; lastKnownFileType = sourcecode.swift; path = Migration.swift; sourceTree = "<group>"; };
		17FD06B915850D45AD6F0C31 /* Store.Object.swift */ = {isa = PBXFileReference; fileEncoding = 4; lastKnownFileType = sourcecode.swift; path = Store.Object.swift; sourceTree = "<group>"; };
		17FD0747D2D1D5255CB1AB2C /* test */ = {isa = PBXFileReference; fileEncoding = 4; lastKnownFileType = folder; path = test; sourceTree = "<group>"; };
		17FD07B122ED1AF20F93FB0A /* Batch.swift */ = {isa = PBXFileReference; fileEncoding = 4; lastKnownFileType = sourcecode.swift; path = Batch.swift; sourceTree = "<group>"; };
		17FD07B5F5FE7CF615064197 /* Test.Migration.swift */ = {isa = PBXFileReference; fileEncoding = 4; lastKnownFileType = sourcecode.swift; path = Test.Migration.swift; sourceTree = "<group>"; };
		17FD07E5B1C4793149700DA4 /* Model.Protocol.swift */ = {isa = PBXFileReference; fileEncoding = 4; lastKnownFileType = sourcecode.swift; path = Model.Protocol.swift; sourceTree = "<group>"; };
		17FD08974968F65CD86EA7EA /* Test.Model.Book.swift */ = {isa = PBXFileReference; fileEncoding = 4; lastKnownFileType = sourcecode.swift; path = Test.Model.Book.swift; sourceTree = "<group>"; };
		17FD08C5C85112377CC6D852 /* README.md */ = {isa = PBXFileReference; fileEncoding = 4; lastKnownFileType = net.daringfireball.markdown; path = README.md; sourceTree = "<group>"; };
		17FD091DBFC2D248A26C048E /* Model.User.swift */ = {isa = PBXFileReference; fileEncoding = 4; lastKnownFileType = sourcecode.swift; path = Model.User.swift; sourceTree = "<group>"; };
		17FD0928D14C257016233F7A /* Test.Model.Relationship.swift */ = {isa = PBXFileReference; fileEncoding = 4; lastKnownFileType = sourcecode.swift; path = Test.Model.Relationship.swift; sourceTree = "<group>"; };
		17FD0951E1ED302B0F56D96A /* Store.Schema.swift */ = {isa = PBXFileReference; fileEncoding = 4; lastKnownFileType = sourcecode.swift; path = Store.Schema.swift; sourceTree = "<group>"; };
		17FD0A49EC0685345EF4E819 /* Test.Model.User.swift */ = {isa = PBXFileReference; fileEncoding = 4; lastKnownFileType = sourcecode.swift; path = Test.Model.User.swift; sourceTree = "<group>"; };
		17FD0A8B688592F35A12FA00 /* Migration.Data.1.0.1.swift */ = {isa = PBXFileReference; fileEncoding = 4; lastKnownFileType = sourcecode.swift; path = Migration.Data.1.0.1.swift; sourceTree = "<group>"; };
		17FD0AA93BF44C9646CC59C7 /* Store.Context.Cacheable.swift */ = {isa = PBXFileReference; fileEncoding = 4; lastKnownFileType = sourcecode.swift; path = Store.Context.Cacheable.swift; sourceTree = "<group>"; };
		17FD0AE94F3460323CE8CDE6 /* macOS - Application.xcconfig */ = {isa = PBXFileReference; fileEncoding = 4; lastKnownFileType = text.xcconfig; path = "macOS - Application.xcconfig"; sourceTree = "<group>"; };
		17FD0B25044E79C93F75D0C8 /* Test.Model.swift */ = {isa = PBXFileReference; fileEncoding = 4; lastKnownFileType = sourcecode.swift; path = Test.Model.swift; sourceTree = "<group>"; };
		17FD0BD2594332A5CB166CB4 /* Model.Cache.swift */ = {isa = PBXFileReference; fileEncoding = 4; lastKnownFileType = sourcecode.swift; path = Model.Cache.swift; sourceTree = "<group>"; };
		17FD0BECD5BD4310CAEF64A0 /* Model.swift */ = {isa = PBXFileReference; fileEncoding = 4; lastKnownFileType = sourcecode.swift; path = Model.swift; sourceTree = "<group>"; };
		17FD0C03C3B71159746705FC /* Nimble.framework.dSYM */ = {isa = PBXFileReference; lastKnownFileType = wrapper.dsym; name = Nimble.framework.dSYM; path = Carthage/Build/Mac/Nimble.framework.dSYM; sourceTree = "<group>"; };
		17FD0C103D052A2CEAE211F2 /* Nimble.framework */ = {isa = PBXFileReference; lastKnownFileType = wrapper.framework; name = Nimble.framework; path = Carthage/Build/Mac/Nimble.framework; sourceTree = "<group>"; };
		17FD0CA19A89F54D70281C7D /* Test.Object.swift */ = {isa = PBXFileReference; fileEncoding = 4; lastKnownFileType = sourcecode.swift; path = Test.Object.swift; sourceTree = "<group>"; };
		17FD0D39D4156F8596008D0B /* Test.Model.Observer.swift */ = {isa = PBXFileReference; fileEncoding = 4; lastKnownFileType = sourcecode.swift; path = Test.Model.Observer.swift; sourceTree = "<group>"; };
		17FD0DF25DC251C069945292 /* Migration.Utility.swift */ = {isa = PBXFileReference; fileEncoding = 4; lastKnownFileType = sourcecode.swift; path = Migration.Utility.swift; sourceTree = "<group>"; };
		17FD0E4ECEE26063F06C6D13 /* Test.xcconfig */ = {isa = PBXFileReference; fileEncoding = 4; lastKnownFileType = text.xcconfig; path = Test.xcconfig; sourceTree = "<group>"; };
		17FD0EA3D14033A8AF4F64C8 /* framework.plist */ = {isa = PBXFileReference; fileEncoding = 4; lastKnownFileType = text.plist; path = framework.plist; sourceTree = "<group>"; };
		17FD0EF781ACCC65556E1443 /* macOS - Framework.xcconfig */ = {isa = PBXFileReference; fileEncoding = 4; lastKnownFileType = text.xcconfig; path = "macOS - Framework.xcconfig"; sourceTree = "<group>"; };
		17FD0FBC8B1E012043ED435D /* Store.Entity.swift */ = {isa = PBXFileReference; fileEncoding = 4; lastKnownFileType = sourcecode.swift; path = Store.Entity.swift; sourceTree = "<group>"; };
		E605B6521E86761A00A0E60A /* 1.0.0.xcdatamodel */ = {isa = PBXFileReference; lastKnownFileType = wrapper.xcdatamodel; path = 1.0.0.xcdatamodel; sourceTree = "<group>"; };
		E605B6531E86761A00A0E60A /* 1.0.1.xcdatamodel */ = {isa = PBXFileReference; lastKnownFileType = wrapper.xcdatamodel; path = 1.0.1.xcdatamodel; sourceTree = "<group>"; };
		E60746411E83949000B75E21 /* Store.framework */ = {isa = PBXFileReference; explicitFileType = wrapper.framework; includeInIndex = 0; path = Store.framework; sourceTree = BUILT_PRODUCTS_DIR; };
		E607464A1E83949000B75E21 /* Store - Test.xctest */ = {isa = PBXFileReference; explicitFileType = wrapper.cfbundle; includeInIndex = 0; path = "Store - Test.xctest"; sourceTree = BUILT_PRODUCTS_DIR; };
		E64105FA1EE0993A00FAC57D /* generic.xcdatamodel */ = {isa = PBXFileReference; lastKnownFileType = wrapper.xcdatamodel; path = generic.xcdatamodel; sourceTree = "<group>"; };
		E642BFD91E87A9630001C699 /* 1.1.0.xcdatamodel */ = {isa = PBXFileReference; lastKnownFileType = wrapper.xcdatamodel; path = 1.1.0.xcdatamodel; sourceTree = "<group>"; };
		E64D9D561EF126CC0073E164 /* library.1.1.0.xcmappingmodel */ = {isa = PBXFileReference; lastKnownFileType = wrapper.xcmappingmodel; path = library.1.1.0.xcmappingmodel; sourceTree = "<group>"; };
		E6E9F6671E9B6A360009A096 /* Fakery.framework.dSYM */ = {isa = PBXFileReference; lastKnownFileType = wrapper.dsym; name = Fakery.framework.dSYM; path = Carthage/Build/Mac/Fakery.framework.dSYM; sourceTree = "<group>"; };
		E6E9F6681E9B6A360009A096 /* Fakery.framework */ = {isa = PBXFileReference; lastKnownFileType = wrapper.framework; name = Fakery.framework; path = Carthage/Build/Mac/Fakery.framework; sourceTree = "<group>"; };
/* End PBXFileReference section */

/* Begin PBXFrameworksBuildPhase section */
		E60746471E83949000B75E21 /* Frameworks */ = {
			isa = PBXFrameworksBuildPhase;
			buildActionMask = 2147483647;
			files = (
				E6E9F6691E9B6A4A0009A096 /* Fakery.framework in Frameworks */,
				E60746591E83969200B75E21 /* Nimble.framework in Frameworks */,
			);
			runOnlyForDeploymentPostprocessing = 0;
		};
/* End PBXFrameworksBuildPhase section */

/* Begin PBXGroup section */
		17FD0087442910AC287BD139 /* Model */ = {
			isa = PBXGroup;
			children = (
				17FD0B25044E79C93F75D0C8 /* Test.Model.swift */,
				17FD08974968F65CD86EA7EA /* Test.Model.Book.swift */,
				17FD0A49EC0685345EF4E819 /* Test.Model.User.swift */,
				17FD0D39D4156F8596008D0B /* Test.Model.Observer.swift */,
				17FD0928D14C257016233F7A /* Test.Model.Relationship.swift */,
			);
			path = Model;
			sourceTree = "<group>";
		};
		17FD010E211B129681BCFAFF /* Batch */ = {
			isa = PBXGroup;
			children = (
				17FD00AF394024CBEF35D418 /* Test.Batch.swift */,
			);
			path = Batch;
			sourceTree = "<group>";
		};
		17FD02E0C962182AD60A2E0F /* accessory */ = {
			isa = PBXGroup;
			children = (
				17FD0EA02252B51B1A9DA6AE /* configuration */,
				17FD08F5B0EDD178BCF4B64E /* info */,
			);
			path = accessory;
			sourceTree = "<group>";
		};
		17FD037C0520A2809A109AEC /* macOS */ = {
			isa = PBXGroup;
			children = (
				17FD0EF781ACCC65556E1443 /* macOS - Framework.xcconfig */,
				17FD0AE94F3460323CE8CDE6 /* macOS - Application.xcconfig */,
			);
			path = macOS;
			sourceTree = "<group>";
		};
		17FD04EFDB017D4500E2A88E /* Store */ = {
			isa = PBXGroup;
			children = (
				17FD04474F74538B52D9DD2A /* Test.Store.swift */,
				17FD0CA19A89F54D70281C7D /* Test.Object.swift */,
			);
			path = Store;
			sourceTree = "<group>";
		};
		17FD051731CEE662B84A1EA9 /* Extension */ = {
			isa = PBXGroup;
			children = (
				17FD01F2D6E2C10BA63540CC /* Extension.Foundation.FileManager.swift */,
			);
			path = Extension;
			sourceTree = "<group>";
		};
		17FD05746DA2DAC944574428 /* Test */ = {
			isa = PBXGroup;
			children = (
				17FD0292DF60342AD0693245 /* Test.swift */,
				17FD04EFDB017D4500E2A88E /* Store */,
				17FD0087442910AC287BD139 /* Model */,
				17FD0E04B7B045BCBEE09610 /* Migration */,
				17FD010E211B129681BCFAFF /* Batch */,
			);
			path = Test;
			sourceTree = "<group>";
		};
		17FD0712F8EB0DFC290CD2FE /* Model */ = {
			isa = PBXGroup;
			children = (
				17FD0234B5B36D7E2C1B4F09 /* Model.Book.swift */,
				17FD091DBFC2D248A26C048E /* Model.User.swift */,
			);
			path = Model;
			sourceTree = "<group>";
		};
		17FD07E65551B7F858A88F9F /* Configuration */ = {
			isa = PBXGroup;
			children = (
				17FD03661824B57DE33BF395 /* Base - Debug.xcconfig */,
				17FD05D666E8135024B884A1 /* Base - Release.xcconfig */,
			);
			name = Configuration;
			path = dependency/git/xenomorph/source/Configuration;
			sourceTree = SOURCE_ROOT;
		};
		17FD0862C4BFB7514CB7A91F /* dsym */ = {
			isa = PBXGroup;
			children = (
				E6E9F6671E9B6A360009A096 /* Fakery.framework.dSYM */,
				17FD0C03C3B71159746705FC /* Nimble.framework.dSYM */,
			);
			name = dsym;
			sourceTree = "<group>";
		};
		17FD0875A929F2B81ABF0673 /* source */ = {
			isa = PBXGroup;
			children = (
				17FD0F2C192740A2066F45AD /* Batch */,
				17FD051731CEE662B84A1EA9 /* Extension */,
				17FD0E8B566F3E718D4349C0 /* Migration */,
				17FD0FF197BFFF0AC13D176F /* Model */,
				17FD0E287E1D49F1FB7070E3 /* Store */,
				17FD05746DA2DAC944574428 /* Test */,
				17FD0C37314167BAF98C87EB /* Testing */,
			);
			path = source;
			sourceTree = "<group>";
		};
		17FD08F5B0EDD178BCF4B64E /* info */ = {
			isa = PBXGroup;
			children = (
				17FD0EA3D14033A8AF4F64C8 /* framework.plist */,
				17FD029283DBA3603FFF0867 /* test.plist */,
			);
			path = info;
			sourceTree = "<group>";
		};
		17FD0923FF76BC2D796E1029 /* test */ = {
			isa = PBXGroup;
			children = (
				E605B6511E86761A00A0E60A /* library.xcdatamodeld */,
				E64105F91EE0993A00FAC57D /* generic.xcdatamodeld */,
				E64D9D561EF126CC0073E164 /* library.1.1.0.xcmappingmodel */,
			);
			path = test;
			sourceTree = "<group>";
		};
		17FD097C9DAFB3CB8FEC5BEB /* Target */ = {
			isa = PBXGroup;
			children = (
				17FD037C0520A2809A109AEC /* macOS */,
				17FD0E4ECEE26063F06C6D13 /* Test.xcconfig */,
			);
			name = Target;
			path = dependency/git/xenomorph/source/Target;
			sourceTree = SOURCE_ROOT;
		};
		17FD098CEBA40DA914603C1A /* product */ = {
			isa = PBXGroup;
			children = (
				E60746421E83949000B75E21 /* build */,
				17FD0747D2D1D5255CB1AB2C /* test */,
			);
			path = product;
			sourceTree = "<group>";
		};
		17FD09F5F19C8BFD9B9DCF9F /* Migration */ = {
			isa = PBXGroup;
			children = (
				17FD025AEE1CCB4193B08CEB /* Migration.Data.1.0.0.swift */,
				17FD0A8B688592F35A12FA00 /* Migration.Data.1.0.1.swift */,
				17FD03115F10C35BFFB27F54 /* Migration.Policy.1.1.0.swift */,
			);
			path = Migration;
			sourceTree = "<group>";
		};
		17FD0C37314167BAF98C87EB /* Testing */ = {
			isa = PBXGroup;
			children = (
				17FD0712F8EB0DFC290CD2FE /* Model */,
				17FD0FEBF4F79E27CB9D7A4F /* Utility */,
				17FD09F5F19C8BFD9B9DCF9F /* Migration */,
			);
			path = Testing;
			sourceTree = "<group>";
		};
		17FD0C7F1F2DF43D22DA1F81 /* dependency */ = {
			isa = PBXGroup;
			children = (
				17FD0862C4BFB7514CB7A91F /* dsym */,
				17FD0F6C24AB8D8CFAF28897 /* framework */,
				17FD01B0C7FAE8A41DB8632F /* Cartfile.private */,
				17FD0510C2CBD0A269F32C1F /* Cartfile.resolved */,
			);
			path = dependency;
			sourceTree = "<group>";
		};
		17FD0E04B7B045BCBEE09610 /* Migration */ = {
			isa = PBXGroup;
			children = (
				17FD07B5F5FE7CF615064197 /* Test.Migration.swift */,
			);
			path = Migration;
			sourceTree = "<group>";
		};
		17FD0E287E1D49F1FB7070E3 /* Store */ = {
			isa = PBXGroup;
			children = (
				17FD05B26BF65B69CA906D45 /* Store.Coordinator.swift */,
				17FD0951E1ED302B0F56D96A /* Store.Schema.swift */,
				17FD06B915850D45AD6F0C31 /* Store.Object.swift */,
				17FD02743E2C247A4840E877 /* Store.Context.swift */,
				17FD0FBC8B1E012043ED435D /* Store.Entity.swift */,
				17FD0AA93BF44C9646CC59C7 /* Store.Context.Cacheable.swift */,
			);
			path = Store;
			sourceTree = "<group>";
		};
		17FD0E8B566F3E718D4349C0 /* Migration */ = {
			isa = PBXGroup;
			children = (
				17FD05FA44C66778BB925C8E /* Migration.swift */,
				17FD0DF25DC251C069945292 /* Migration.Utility.swift */,
				17FD02FE09DC90C14E5428BC /* Migration.Data.swift */,
			);
			path = Migration;
			sourceTree = "<group>";
		};
		17FD0EA02252B51B1A9DA6AE /* configuration */ = {
			isa = PBXGroup;
			children = (
				17FD07E65551B7F858A88F9F /* Configuration */,
				17FD097C9DAFB3CB8FEC5BEB /* Target */,
			);
			name = configuration;
			sourceTree = "<group>";
		};
		17FD0F2C192740A2066F45AD /* Batch */ = {
			isa = PBXGroup;
			children = (
				17FD07B122ED1AF20F93FB0A /* Batch.swift */,
				17FD0063AB70BBBC8C369947 /* Batch.Protocol.swift */,
			);
			path = Batch;
			sourceTree = "<group>";
		};
		17FD0F6C24AB8D8CFAF28897 /* framework */ = {
			isa = PBXGroup;
			children = (
				E6E9F6681E9B6A360009A096 /* Fakery.framework */,
				17FD0C103D052A2CEAE211F2 /* Nimble.framework */,
			);
			name = framework;
			sourceTree = "<group>";
		};
		17FD0FEBF4F79E27CB9D7A4F /* Utility */ = {
			isa = PBXGroup;
			children = (
				17FD02E9D406040C55FBF3A4 /* Utility.Path.swift */,
			);
			path = Utility;
			sourceTree = "<group>";
		};
		17FD0FF197BFFF0AC13D176F /* Model */ = {
			isa = PBXGroup;
			children = (
				17FD0BECD5BD4310CAEF64A0 /* Model.swift */,
				17FD07E5B1C4793149700DA4 /* Model.Protocol.swift */,
				17FD031A2F3C58FC0FB9EC08 /* Model.Observer.swift */,
				17FD0531507A1FA9C4A41179 /* Model.Configuration.swift */,
				17FD0BD2594332A5CB166CB4 /* Model.Cache.swift */,
			);
			path = Model;
			sourceTree = "<group>";
		};
		E60746421E83949000B75E21 /* build */ = {
			isa = PBXGroup;
			children = (
				E60746411E83949000B75E21 /* Store.framework */,
				E607464A1E83949000B75E21 /* Store - Test.xctest */,
			);
			name = build;
			path = ..;
			sourceTree = "<group>";
		};
		E6B63BE01E838FD100AA678E = {
			isa = PBXGroup;
			children = (
				17FD02E0C962182AD60A2E0F /* accessory */,
				17FD0C7F1F2DF43D22DA1F81 /* dependency */,
				17FD098CEBA40DA914603C1A /* product */,
				17FD0875A929F2B81ABF0673 /* source */,
				17FD0923FF76BC2D796E1029 /* test */,
				17FD08C5C85112377CC6D852 /* README.md */,
			);
			sourceTree = "<group>";
		};
/* End PBXGroup section */

/* Begin PBXNativeTarget section */
		E60746401E83949000B75E21 /* Store */ = {
			isa = PBXNativeTarget;
			buildConfigurationList = E60746571E83949000B75E21 /* Build configuration list for PBXNativeTarget "Store" */;
			buildPhases = (
				E607463C1E83949000B75E21 /* Sources */,
			);
			buildRules = (
			);
			dependencies = (
			);
			name = Store;
			productName = Store;
			productReference = E60746411E83949000B75E21 /* Store.framework */;
			productType = "com.apple.product-type.framework";
		};
		E60746491E83949000B75E21 /* Store - Test */ = {
			isa = PBXNativeTarget;
			buildConfigurationList = E60746581E83949000B75E21 /* Build configuration list for PBXNativeTarget "Store - Test" */;
			buildPhases = (
				E60746461E83949000B75E21 /* Sources */,
				E60746471E83949000B75E21 /* Frameworks */,
				E605B64E1E86643700A0E60A /* Embed Frameworks */,
			);
			buildRules = (
			);
			dependencies = (
				E607464D1E83949000B75E21 /* PBXTargetDependency */,
			);
			name = "Store - Test";
			productName = StoreTests;
			productReference = E607464A1E83949000B75E21 /* Store - Test.xctest */;
			productType = "com.apple.product-type.bundle.unit-test";
		};
/* End PBXNativeTarget section */

/* Begin PBXProject section */
		E6B63BE11E838FD100AA678E /* Project object */ = {
			isa = PBXProject;
			attributes = {
				LastSwiftUpdateCheck = 0820;
				LastUpgradeCheck = 0820;
				TargetAttributes = {
					E60746401E83949000B75E21 = {
						CreatedOnToolsVersion = 8.2.1;
						ProvisioningStyle = Automatic;
					};
					E60746491E83949000B75E21 = {
						CreatedOnToolsVersion = 8.2.1;
						ProvisioningStyle = Automatic;
					};
				};
			};
			buildConfigurationList = E6B63BE41E838FD100AA678E /* Build configuration list for PBXProject "Store" */;
			compatibilityVersion = "Xcode 3.2";
			developmentRegion = English;
			hasScannedForEncodings = 0;
			knownRegions = (
				en,
			);
			mainGroup = E6B63BE01E838FD100AA678E;
			productRefGroup = E60746421E83949000B75E21 /* build */;
			projectDirPath = "";
			projectRoot = "";
			targets = (
				E60746401E83949000B75E21 /* Store */,
				E60746491E83949000B75E21 /* Store - Test */,
			);
		};
/* End PBXProject section */

/* Begin PBXSourcesBuildPhase section */
		E607463C1E83949000B75E21 /* Sources */ = {
			isa = PBXSourcesBuildPhase;
			buildActionMask = 2147483647;
			files = (
				17FD054DA783F812504E3A25 /* Extension.Foundation.FileManager.swift in Sources */,
				17FD00602094F4F64F4AA918 /* Store.Coordinator.swift in Sources */,
				17FD02EF7B0CAC898B9C2044 /* Store.Object.swift in Sources */,
				17FD0FE6B146009DDEF22734 /* Store.Context.swift in Sources */,
				17FD0FDB7B47BEB8327D050A /* Store.Entity.swift in Sources */,
				17FD0CF496FE510E536E2B08 /* Store.Schema.swift in Sources */,
				17FD03FC7625C79B85FE333D /* Migration.swift in Sources */,
				17FD0B660C3FF2B2B32AD4DB /* Migration.Data.swift in Sources */,
				17FD0BAD955765086A087E06 /* Migration.Utility.swift in Sources */,
				17FD07F5C266D315A1A8B2F2 /* Model.Protocol.swift in Sources */,
				17FD00FC01DFCB7018E73916 /* Model.Configuration.swift in Sources */,
				17FD0DEE69FF52C8D41A1749 /* Model.swift in Sources */,
				17FD0C74FC7E67D50DA83397 /* Model.Cache.swift in Sources */,
				17FD054745289379020A0115 /* Model.Observer.swift in Sources */,
				17FD0E49167DAA1D916817DC /* Batch.Protocol.swift in Sources */,
				17FD0AC13B4D5BE2C93E6A2A /* Batch.swift in Sources */,
				17FD00B96110E6FAAA66E6C1 /* Store.Context.Cacheable.swift in Sources */,
			);
			runOnlyForDeploymentPostprocessing = 0;
		};
		E60746461E83949000B75E21 /* Sources */ = {
			isa = PBXSourcesBuildPhase;
			buildActionMask = 2147483647;
			files = (
				E605B6551E8680E800A0E60A /* library.xcdatamodeld in Sources */,
				E64105FB1EE0993A00FAC57D /* generic.xcdatamodeld in Sources */,
				17FD02532D5F9052D3CAC84E /* Model.Book.swift in Sources */,
				17FD05F812CBDE154A4FCF3A /* Model.User.swift in Sources */,
				17FD08D09F5F1019333CC247 /* Test.swift in Sources */,
				17FD08AEC750303E7FC903B3 /* Test.Store.swift in Sources */,
				17FD0050E2A449B64FC845EB /* Test.Model.swift in Sources */,
				17FD074DCC1E98BD812963A1 /* Test.Model.Book.swift in Sources */,
				E64D9D581EF126EB0073E164 /* library.1.1.0.xcmappingmodel in Sources */,
				17FD0C719C976A9789FBB9BE /* Test.Model.User.swift in Sources */,
				17FD09078313E08C032F4660 /* Test.Model.Observer.swift in Sources */,
				17FD03B452168BA6C34893F8 /* Test.Migration.swift in Sources */,
				17FD0DE24B1ED6FE7C9EAD92 /* Utility.Path.swift in Sources */,
				17FD03B5263F65F71348D583 /* Test.Object.swift in Sources */,
				17FD0EE3EDAF889BCF78F53E /* Test.Batch.swift in Sources */,
				17FD0DADC6A662EDAC547B3E /* Test.Model.Relationship.swift in Sources */,
				17FD0565A5180CB7901A5C64 /* Migration.Data.1.0.0.swift in Sources */,
				17FD01F93A4BDA43BFA200D7 /* Migration.Data.1.0.1.swift in Sources */,
				17FD01CD4C5E0B3BBAF11338 /* Migration.Policy.1.1.0.swift in Sources */,
			);
			runOnlyForDeploymentPostprocessing = 0;
		};
/* End PBXSourcesBuildPhase section */

/* Begin PBXTargetDependency section */
		E607464D1E83949000B75E21 /* PBXTargetDependency */ = {
			isa = PBXTargetDependency;
			target = E60746401E83949000B75E21 /* Store */;
			targetProxy = E607464C1E83949000B75E21 /* PBXContainerItemProxy */;
		};
/* End PBXTargetDependency section */

/* Begin XCBuildConfiguration section */
		E60746531E83949000B75E21 /* Debug */ = {
			isa = XCBuildConfiguration;
			baseConfigurationReference = 17FD0EF781ACCC65556E1443 /* macOS - Framework.xcconfig */;
			buildSettings = {
			};
			name = Debug;
		};
		E60746541E83949000B75E21 /* Release */ = {
			isa = XCBuildConfiguration;
			baseConfigurationReference = 17FD0EF781ACCC65556E1443 /* macOS - Framework.xcconfig */;
			buildSettings = {
			};
			name = Release;
		};
		E60746551E83949000B75E21 /* Debug */ = {
			isa = XCBuildConfiguration;
			baseConfigurationReference = 17FD0E4ECEE26063F06C6D13 /* Test.xcconfig */;
			buildSettings = {
				PRODUCT_BUNDLE_IDENTIFIER = "$(inherited).test";
			};
			name = Debug;
		};
		E60746561E83949000B75E21 /* Release */ = {
			isa = XCBuildConfiguration;
			baseConfigurationReference = 17FD0E4ECEE26063F06C6D13 /* Test.xcconfig */;
			buildSettings = {
				PRODUCT_BUNDLE_IDENTIFIER = "$(inherited).test";
			};
			name = Release;
		};
		E6B63BE51E838FD100AA678E /* Debug */ = {
			isa = XCBuildConfiguration;
			baseConfigurationReference = 17FD03661824B57DE33BF395 /* Base - Debug.xcconfig */;
			buildSettings = {
				FRAMEWORK_SEARCH_PATHS = dependency/Carthage/Build/Mac;
				MACOSX_DEPLOYMENT_TARGET = 10.10;
				PRODUCT_BUNDLE_IDENTIFIER = com.swifteroid.store;
			};
			name = Debug;
		};
		E6B63BE61E838FD100AA678E /* Release */ = {
			isa = XCBuildConfiguration;
			baseConfigurationReference = 17FD05D666E8135024B884A1 /* Base - Release.xcconfig */;
			buildSettings = {
				FRAMEWORK_SEARCH_PATHS = dependency/Carthage/Build/Mac;
				MACOSX_DEPLOYMENT_TARGET = 10.10;
				PRODUCT_BUNDLE_IDENTIFIER = com.swifteroid.store;
			};
			name = Release;
		};
/* End XCBuildConfiguration section */

/* Begin XCConfigurationList section */
		E60746571E83949000B75E21 /* Build configuration list for PBXNativeTarget "Store" */ = {
			isa = XCConfigurationList;
			buildConfigurations = (
				E60746531E83949000B75E21 /* Debug */,
				E60746541E83949000B75E21 /* Release */,
			);
			defaultConfigurationIsVisible = 0;
			defaultConfigurationName = Release;
		};
		E60746581E83949000B75E21 /* Build configuration list for PBXNativeTarget "Store - Test" */ = {
			isa = XCConfigurationList;
			buildConfigurations = (
				E60746551E83949000B75E21 /* Debug */,
				E60746561E83949000B75E21 /* Release */,
			);
			defaultConfigurationIsVisible = 0;
			defaultConfigurationName = Release;
		};
		E6B63BE41E838FD100AA678E /* Build configuration list for PBXProject "Store" */ = {
			isa = XCConfigurationList;
			buildConfigurations = (
				E6B63BE51E838FD100AA678E /* Debug */,
				E6B63BE61E838FD100AA678E /* Release */,
			);
			defaultConfigurationIsVisible = 0;
			defaultConfigurationName = Release;
		};
/* End XCConfigurationList section */

/* Begin XCVersionGroup section */
		E605B6511E86761A00A0E60A /* library.xcdatamodeld */ = {
			isa = XCVersionGroup;
			children = (
				E642BFD91E87A9630001C699 /* 1.1.0.xcdatamodel */,
				E605B6531E86761A00A0E60A /* 1.0.1.xcdatamodel */,
				E605B6521E86761A00A0E60A /* 1.0.0.xcdatamodel */,
			);
			currentVersion = E642BFD91E87A9630001C699 /* 1.1.0.xcdatamodel */;
			path = library.xcdatamodeld;
			sourceTree = "<group>";
			versionGroupType = wrapper.xcdatamodel;
		};
		E64105F91EE0993A00FAC57D /* generic.xcdatamodeld */ = {
			isa = XCVersionGroup;
			children = (
				E64105FA1EE0993A00FAC57D /* generic.xcdatamodel */,
			);
			currentVersion = E64105FA1EE0993A00FAC57D /* generic.xcdatamodel */;
			path = generic.xcdatamodeld;
			sourceTree = "<group>";
			versionGroupType = wrapper.xcdatamodel;
		};
/* End XCVersionGroup section */
	};
	rootObject = E6B63BE11E838FD100AA678E /* Project object */;
}
